# This file is automatically @generated by Cargo.
# It is not intended for manual editing.
version = 4

[[package]]
name = "collection-pool"
version = "0.1.0"
dependencies = [
 "innermut",
]

[[package]]
name = "innermut"
version = "0.1.0"
source = "git+https://github.com/kimuti-tsukai/innermut#cde86e8eda80b2a17ce486ff3e243b1c0f25acbe"
